// !$*UTF8*$!
{
	archiveVersion = 1;
	classes = {
	};
	objectVersion = 56;
	objects = {

/* Begin PBXBuildFile section */
		8FC5ED2729D213BB000CA2D2 /* AppDelegate.swift in Sources */ = {isa = PBXBuildFile; fileRef = 8FC5ED2629D213BB000CA2D2 /* AppDelegate.swift */; };
		8FC5ED2929D213BB000CA2D2 /* SceneDelegate.swift in Sources */ = {isa = PBXBuildFile; fileRef = 8FC5ED2829D213BB000CA2D2 /* SceneDelegate.swift */; };
		8FC5ED2B29D213BB000CA2D2 /* ViewController.swift in Sources */ = {isa = PBXBuildFile; fileRef = 8FC5ED2A29D213BB000CA2D2 /* ViewController.swift */; };
		8FC5ED2E29D213BB000CA2D2 /* Main.storyboard in Resources */ = {isa = PBXBuildFile; fileRef = 8FC5ED2C29D213BB000CA2D2 /* Main.storyboard */; };
		8FC5ED3029D213BC000CA2D2 /* Assets.xcassets in Resources */ = {isa = PBXBuildFile; fileRef = 8FC5ED2F29D213BC000CA2D2 /* Assets.xcassets */; };
		8FC5ED3329D213BC000CA2D2 /* LaunchScreen.storyboard in Resources */ = {isa = PBXBuildFile; fileRef = 8FC5ED3129D213BC000CA2D2 /* LaunchScreen.storyboard */; };
		8FC5ED3E29D213BC000CA2D2 /* ReminderWithWeatherTests.swift in Sources */ = {isa = PBXBuildFile; fileRef = 8FC5ED3D29D213BC000CA2D2 /* ReminderWithWeatherTests.swift */; };
		8FC5ED4829D213BC000CA2D2 /* ReminderWithWeatherUITests.swift in Sources */ = {isa = PBXBuildFile; fileRef = 8FC5ED4729D213BC000CA2D2 /* ReminderWithWeatherUITests.swift */; };
		8FC5ED4A29D213BC000CA2D2 /* ReminderWithWeatherUITestsLaunchTests.swift in Sources */ = {isa = PBXBuildFile; fileRef = 8FC5ED4929D213BC000CA2D2 /* ReminderWithWeatherUITestsLaunchTests.swift */; };
/* End PBXBuildFile section */

/* Begin PBXContainerItemProxy section */
		8FC5ED3A29D213BC000CA2D2 /* PBXContainerItemProxy */ = {
			isa = PBXContainerItemProxy;
			containerPortal = 8FC5ED1B29D213BA000CA2D2 /* Project object */;
			proxyType = 1;
			remoteGlobalIDString = 8FC5ED2229D213BB000CA2D2;
			remoteInfo = ReminderWithWeather;
		};
		8FC5ED4429D213BC000CA2D2 /* PBXContainerItemProxy */ = {
			isa = PBXContainerItemProxy;
			containerPortal = 8FC5ED1B29D213BA000CA2D2 /* Project object */;
			proxyType = 1;
			remoteGlobalIDString = 8FC5ED2229D213BB000CA2D2;
			remoteInfo = ReminderWithWeather;
		};
/* End PBXContainerItemProxy section */

/* Begin PBXFileReference section */
		8FC5ED2329D213BB000CA2D2 /* ReminderWithWeather.app */ = {isa = PBXFileReference; explicitFileType = wrapper.application; includeInIndex = 0; path = ReminderWithWeather.app; sourceTree = BUILT_PRODUCTS_DIR; };
		8FC5ED2629D213BB000CA2D2 /* AppDelegate.swift */ = {isa = PBXFileReference; lastKnownFileType = sourcecode.swift; path = AppDelegate.swift; sourceTree = "<group>"; };
		8FC5ED2829D213BB000CA2D2 /* SceneDelegate.swift */ = {isa = PBXFileReference; lastKnownFileType = sourcecode.swift; path = SceneDelegate.swift; sourceTree = "<group>"; };
		8FC5ED2A29D213BB000CA2D2 /* ViewController.swift */ = {isa = PBXFileReference; lastKnownFileType = sourcecode.swift; path = ViewController.swift; sourceTree = "<group>"; };
		8FC5ED2D29D213BB000CA2D2 /* Base */ = {isa = PBXFileReference; lastKnownFileType = file.storyboard; name = Base; path = Base.lproj/Main.storyboard; sourceTree = "<group>"; };
		8FC5ED2F29D213BC000CA2D2 /* Assets.xcassets */ = {isa = PBXFileReference; lastKnownFileType = folder.assetcatalog; path = Assets.xcassets; sourceTree = "<group>"; };
		8FC5ED3229D213BC000CA2D2 /* Base */ = {isa = PBXFileReference; lastKnownFileType = file.storyboard; name = Base; path = Base.lproj/LaunchScreen.storyboard; sourceTree = "<group>"; };
		8FC5ED3429D213BC000CA2D2 /* Info.plist */ = {isa = PBXFileReference; lastKnownFileType = text.plist.xml; path = Info.plist; sourceTree = "<group>"; };
		8FC5ED3929D213BC000CA2D2 /* ReminderWithWeatherTests.xctest */ = {isa = PBXFileReference; explicitFileType = wrapper.cfbundle; includeInIndex = 0; path = ReminderWithWeatherTests.xctest; sourceTree = BUILT_PRODUCTS_DIR; };
		8FC5ED3D29D213BC000CA2D2 /* ReminderWithWeatherTests.swift */ = {isa = PBXFileReference; lastKnownFileType = sourcecode.swift; path = ReminderWithWeatherTests.swift; sourceTree = "<group>"; };
		8FC5ED4329D213BC000CA2D2 /* ReminderWithWeatherUITests.xctest */ = {isa = PBXFileReference; explicitFileType = wrapper.cfbundle; includeInIndex = 0; path = ReminderWithWeatherUITests.xctest; sourceTree = BUILT_PRODUCTS_DIR; };
		8FC5ED4729D213BC000CA2D2 /* ReminderWithWeatherUITests.swift */ = {isa = PBXFileReference; lastKnownFileType = sourcecode.swift; path = ReminderWithWeatherUITests.swift; sourceTree = "<group>"; };
		8FC5ED4929D213BC000CA2D2 /* ReminderWithWeatherUITestsLaunchTests.swift */ = {isa = PBXFileReference; lastKnownFileType = sourcecode.swift; path = ReminderWithWeatherUITestsLaunchTests.swift; sourceTree = "<group>"; };
/* End PBXFileReference section */

/* Begin PBXFrameworksBuildPhase section */
		8FC5ED2029D213BB000CA2D2 /* Frameworks */ = {
			isa = PBXFrameworksBuildPhase;
			buildActionMask = 2147483647;
			files = (
			);
			runOnlyForDeploymentPostprocessing = 0;
		};
		8FC5ED3629D213BC000CA2D2 /* Frameworks */ = {
			isa = PBXFrameworksBuildPhase;
			buildActionMask = 2147483647;
			files = (
			);
			runOnlyForDeploymentPostprocessing = 0;
		};
		8FC5ED4029D213BC000CA2D2 /* Frameworks */ = {
			isa = PBXFrameworksBuildPhase;
			buildActionMask = 2147483647;
			files = (
			);
			runOnlyForDeploymentPostprocessing = 0;
		};
/* End PBXFrameworksBuildPhase section */

/* Begin PBXGroup section */
		8FC5ED1A29D213BA000CA2D2 = {
			isa = PBXGroup;
			children = (
				8FC5ED2529D213BB000CA2D2 /* ReminderWithWeather */,
				8FC5ED3C29D213BC000CA2D2 /* ReminderWithWeatherTests */,
				8FC5ED4629D213BC000CA2D2 /* ReminderWithWeatherUITests */,
				8FC5ED2429D213BB000CA2D2 /* Products */,
			);
			sourceTree = "<group>";
		};
		8FC5ED2429D213BB000CA2D2 /* Products */ = {
			isa = PBXGroup;
			children = (
				8FC5ED2329D213BB000CA2D2 /* ReminderWithWeather.app */,
				8FC5ED3929D213BC000CA2D2 /* ReminderWithWeatherTests.xctest */,
				8FC5ED4329D213BC000CA2D2 /* ReminderWithWeatherUITests.xctest */,
			);
			name = Products;
			sourceTree = "<group>";
		};
		8FC5ED2529D213BB000CA2D2 /* ReminderWithWeather */ = {
			isa = PBXGroup;
			children = (
				8FC5ED2629D213BB000CA2D2 /* AppDelegate.swift */,
				8FC5ED2829D213BB000CA2D2 /* SceneDelegate.swift */,
				8FC5ED2A29D213BB000CA2D2 /* ViewController.swift */,
				8FC5ED2C29D213BB000CA2D2 /* Main.storyboard */,
				8FC5ED2F29D213BC000CA2D2 /* Assets.xcassets */,
				8FC5ED3129D213BC000CA2D2 /* LaunchScreen.storyboard */,
				8FC5ED3429D213BC000CA2D2 /* Info.plist */,
			);
			path = ReminderWithWeather;
			sourceTree = "<group>";
		};
		8FC5ED3C29D213BC000CA2D2 /* ReminderWithWeatherTests */ = {
			isa = PBXGroup;
			children = (
				8FC5ED3D29D213BC000CA2D2 /* ReminderWithWeatherTests.swift */,
			);
			path = ReminderWithWeatherTests;
			sourceTree = "<group>";
		};
		8FC5ED4629D213BC000CA2D2 /* ReminderWithWeatherUITests */ = {
			isa = PBXGroup;
			children = (
				8FC5ED4729D213BC000CA2D2 /* ReminderWithWeatherUITests.swift */,
				8FC5ED4929D213BC000CA2D2 /* ReminderWithWeatherUITestsLaunchTests.swift */,
			);
			path = ReminderWithWeatherUITests;
			sourceTree = "<group>";
		};
/* End PBXGroup section */

/* Begin PBXNativeTarget section */
		8FC5ED2229D213BB000CA2D2 /* ReminderWithWeather */ = {
			isa = PBXNativeTarget;
			buildConfigurationList = 8FC5ED4D29D213BC000CA2D2 /* Build configuration list for PBXNativeTarget "ReminderWithWeather" */;
			buildPhases = (
				8FC5ED1F29D213BB000CA2D2 /* Sources */,
				8FC5ED2029D213BB000CA2D2 /* Frameworks */,
				8FC5ED2129D213BB000CA2D2 /* Resources */,
			);
			buildRules = (
			);
			dependencies = (
			);
			name = ReminderWithWeather;
			productName = ReminderWithWeather;
			productReference = 8FC5ED2329D213BB000CA2D2 /* ReminderWithWeather.app */;
			productType = "com.apple.product-type.application";
		};
		8FC5ED3829D213BC000CA2D2 /* ReminderWithWeatherTests */ = {
			isa = PBXNativeTarget;
			buildConfigurationList = 8FC5ED5029D213BC000CA2D2 /* Build configuration list for PBXNativeTarget "ReminderWithWeatherTests" */;
			buildPhases = (
				8FC5ED3529D213BC000CA2D2 /* Sources */,
				8FC5ED3629D213BC000CA2D2 /* Frameworks */,
				8FC5ED3729D213BC000CA2D2 /* Resources */,
			);
			buildRules = (
			);
			dependencies = (
				8FC5ED3B29D213BC000CA2D2 /* PBXTargetDependency */,
			);
			name = ReminderWithWeatherTests;
			productName = ReminderWithWeatherTests;
			productReference = 8FC5ED3929D213BC000CA2D2 /* ReminderWithWeatherTests.xctest */;
			productType = "com.apple.product-type.bundle.unit-test";
		};
		8FC5ED4229D213BC000CA2D2 /* ReminderWithWeatherUITests */ = {
			isa = PBXNativeTarget;
			buildConfigurationList = 8FC5ED5329D213BC000CA2D2 /* Build configuration list for PBXNativeTarget "ReminderWithWeatherUITests" */;
			buildPhases = (
				8FC5ED3F29D213BC000CA2D2 /* Sources */,
				8FC5ED4029D213BC000CA2D2 /* Frameworks */,
				8FC5ED4129D213BC000CA2D2 /* Resources */,
			);
			buildRules = (
			);
			dependencies = (
				8FC5ED4529D213BC000CA2D2 /* PBXTargetDependency */,
			);
			name = ReminderWithWeatherUITests;
			productName = ReminderWithWeatherUITests;
			productReference = 8FC5ED4329D213BC000CA2D2 /* ReminderWithWeatherUITests.xctest */;
			productType = "com.apple.product-type.bundle.ui-testing";
		};
/* End PBXNativeTarget section */

/* Begin PBXProject section */
		8FC5ED1B29D213BA000CA2D2 /* Project object */ = {
			isa = PBXProject;
			attributes = {
				BuildIndependentTargetsInParallel = 1;
				LastSwiftUpdateCheck = 1410;
				LastUpgradeCheck = 1410;
				TargetAttributes = {
					8FC5ED2229D213BB000CA2D2 = {
						CreatedOnToolsVersion = 14.1;
					};
					8FC5ED3829D213BC000CA2D2 = {
						CreatedOnToolsVersion = 14.1;
						TestTargetID = 8FC5ED2229D213BB000CA2D2;
					};
					8FC5ED4229D213BC000CA2D2 = {
						CreatedOnToolsVersion = 14.1;
						TestTargetID = 8FC5ED2229D213BB000CA2D2;
					};
				};
			};
			buildConfigurationList = 8FC5ED1E29D213BA000CA2D2 /* Build configuration list for PBXProject "ReminderWithWeather" */;
			compatibilityVersion = "Xcode 14.0";
			developmentRegion = en;
			hasScannedForEncodings = 0;
			knownRegions = (
				en,
				Base,
			);
			mainGroup = 8FC5ED1A29D213BA000CA2D2;
			productRefGroup = 8FC5ED2429D213BB000CA2D2 /* Products */;
			projectDirPath = "";
			projectRoot = "";
			targets = (
				8FC5ED2229D213BB000CA2D2 /* ReminderWithWeather */,
				8FC5ED3829D213BC000CA2D2 /* ReminderWithWeatherTests */,
				8FC5ED4229D213BC000CA2D2 /* ReminderWithWeatherUITests */,
			);
		};
/* End PBXProject section */

/* Begin PBXResourcesBuildPhase section */
		8FC5ED2129D213BB000CA2D2 /* Resources */ = {
			isa = PBXResourcesBuildPhase;
			buildActionMask = 2147483647;
			files = (
				8FC5ED3329D213BC000CA2D2 /* LaunchScreen.storyboard in Resources */,
				8FC5ED3029D213BC000CA2D2 /* Assets.xcassets in Resources */,
				8FC5ED2E29D213BB000CA2D2 /* Main.storyboard in Resources */,
			);
			runOnlyForDeploymentPostprocessing = 0;
		};
		8FC5ED3729D213BC000CA2D2 /* Resources */ = {
			isa = PBXResourcesBuildPhase;
			buildActionMask = 2147483647;
			files = (
			);
			runOnlyForDeploymentPostprocessing = 0;
		};
		8FC5ED4129D213BC000CA2D2 /* Resources */ = {
			isa = PBXResourcesBuildPhase;
			buildActionMask = 2147483647;
			files = (
			);
			runOnlyForDeploymentPostprocessing = 0;
		};
/* End PBXResourcesBuildPhase section */

/* Begin PBXSourcesBuildPhase section */
		8FC5ED1F29D213BB000CA2D2 /* Sources */ = {
			isa = PBXSourcesBuildPhase;
			buildActionMask = 2147483647;
			files = (
				8FC5ED2B29D213BB000CA2D2 /* ViewController.swift in Sources */,
				8FC5ED2729D213BB000CA2D2 /* AppDelegate.swift in Sources */,
				8FC5ED2929D213BB000CA2D2 /* SceneDelegate.swift in Sources */,
			);
			runOnlyForDeploymentPostprocessing = 0;
		};
		8FC5ED3529D213BC000CA2D2 /* Sources */ = {
			isa = PBXSourcesBuildPhase;
			buildActionMask = 2147483647;
			files = (
				8FC5ED3E29D213BC000CA2D2 /* ReminderWithWeatherTests.swift in Sources */,
			);
			runOnlyForDeploymentPostprocessing = 0;
		};
		8FC5ED3F29D213BC000CA2D2 /* Sources */ = {
			isa = PBXSourcesBuildPhase;
			buildActionMask = 2147483647;
			files = (
				8FC5ED4829D213BC000CA2D2 /* ReminderWithWeatherUITests.swift in Sources */,
				8FC5ED4A29D213BC000CA2D2 /* ReminderWithWeatherUITestsLaunchTests.swift in Sources */,
			);
			runOnlyForDeploymentPostprocessing = 0;
		};
/* End PBXSourcesBuildPhase section */

/* Begin PBXTargetDependency section */
		8FC5ED3B29D213BC000CA2D2 /* PBXTargetDependency */ = {
			isa = PBXTargetDependency;
			target = 8FC5ED2229D213BB000CA2D2 /* ReminderWithWeather */;
			targetProxy = 8FC5ED3A29D213BC000CA2D2 /* PBXContainerItemProxy */;
		};
		8FC5ED4529D213BC000CA2D2 /* PBXTargetDependency */ = {
			isa = PBXTargetDependency;
			target = 8FC5ED2229D213BB000CA2D2 /* ReminderWithWeather */;
			targetProxy = 8FC5ED4429D213BC000CA2D2 /* PBXContainerItemProxy */;
		};
/* End PBXTargetDependency section */

/* Begin PBXVariantGroup section */
		8FC5ED2C29D213BB000CA2D2 /* Main.storyboard */ = {
			isa = PBXVariantGroup;
			children = (
				8FC5ED2D29D213BB000CA2D2 /* Base */,
			);
			name = Main.storyboard;
			sourceTree = "<group>";
		};
		8FC5ED3129D213BC000CA2D2 /* LaunchScreen.storyboard */ = {
			isa = PBXVariantGroup;
			children = (
				8FC5ED3229D213BC000CA2D2 /* Base */,
			);
			name = LaunchScreen.storyboard;
			sourceTree = "<group>";
		};
/* End PBXVariantGroup section */

/* Begin XCBuildConfiguration section */
		8FC5ED4B29D213BC000CA2D2 /* Debug */ = {
			isa = XCBuildConfiguration;
			buildSettings = {
				ALWAYS_SEARCH_USER_PATHS = NO;
				CLANG_ANALYZER_NONNULL = YES;
				CLANG_ANALYZER_NUMBER_OBJECT_CONVERSION = YES_AGGRESSIVE;
				CLANG_CXX_LANGUAGE_STANDARD = "gnu++20";
				CLANG_ENABLE_MODULES = YES;
				CLANG_ENABLE_OBJC_ARC = YES;
				CLANG_ENABLE_OBJC_WEAK = YES;
				CLANG_WARN_BLOCK_CAPTURE_AUTORELEASING = YES;
				CLANG_WARN_BOOL_CONVERSION = YES;
				CLANG_WARN_COMMA = YES;
				CLANG_WARN_CONSTANT_CONVERSION = YES;
				CLANG_WARN_DEPRECATED_OBJC_IMPLEMENTATIONS = YES;
				CLANG_WARN_DIRECT_OBJC_ISA_USAGE = YES_ERROR;
				CLANG_WARN_DOCUMENTATION_COMMENTS = YES;
				CLANG_WARN_EMPTY_BODY = YES;
				CLANG_WARN_ENUM_CONVERSION = YES;
				CLANG_WARN_INFINITE_RECURSION = YES;
				CLANG_WARN_INT_CONVERSION = YES;
				CLANG_WARN_NON_LITERAL_NULL_CONVERSION = YES;
				CLANG_WARN_OBJC_IMPLICIT_RETAIN_SELF = YES;
				CLANG_WARN_OBJC_LITERAL_CONVERSION = YES;
				CLANG_WARN_OBJC_ROOT_CLASS = YES_ERROR;
				CLANG_WARN_QUOTED_INCLUDE_IN_FRAMEWORK_HEADER = YES;
				CLANG_WARN_RANGE_LOOP_ANALYSIS = YES;
				CLANG_WARN_STRICT_PROTOTYPES = YES;
				CLANG_WARN_SUSPICIOUS_MOVE = YES;
				CLANG_WARN_UNGUARDED_AVAILABILITY = YES_AGGRESSIVE;
				CLANG_WARN_UNREACHABLE_CODE = YES;
				CLANG_WARN__DUPLICATE_METHOD_MATCH = YES;
				COPY_PHASE_STRIP = NO;
				DEBUG_INFORMATION_FORMAT = dwarf;
				ENABLE_STRICT_OBJC_MSGSEND = YES;
				ENABLE_TESTABILITY = YES;
				GCC_C_LANGUAGE_STANDARD = gnu11;
				GCC_DYNAMIC_NO_PIC = NO;
				GCC_NO_COMMON_BLOCKS = YES;
				GCC_OPTIMIZATION_LEVEL = 0;
				GCC_PREPROCESSOR_DEFINITIONS = (
					"DEBUG=1",
					"$(inherited)",
				);
				GCC_WARN_64_TO_32_BIT_CONVERSION = YES;
				GCC_WARN_ABOUT_RETURN_TYPE = YES_ERROR;
				GCC_WARN_UNDECLARED_SELECTOR = YES;
				GCC_WARN_UNINITIALIZED_AUTOS = YES_AGGRESSIVE;
				GCC_WARN_UNUSED_FUNCTION = YES;
				GCC_WARN_UNUSED_VARIABLE = YES;
				IPHONEOS_DEPLOYMENT_TARGET = 16.1;
				MTL_ENABLE_DEBUG_INFO = INCLUDE_SOURCE;
				MTL_FAST_MATH = YES;
				ONLY_ACTIVE_ARCH = YES;
				SDKROOT = iphoneos;
				SWIFT_ACTIVE_COMPILATION_CONDITIONS = DEBUG;
				SWIFT_OPTIMIZATION_LEVEL = "-Onone";
			};
			name = Debug;
		};
		8FC5ED4C29D213BC000CA2D2 /* Release */ = {
			isa = XCBuildConfiguration;
			buildSettings = {
				ALWAYS_SEARCH_USER_PATHS = NO;
				CLANG_ANALYZER_NONNULL = YES;
				CLANG_ANALYZER_NUMBER_OBJECT_CONVERSION = YES_AGGRESSIVE;
				CLANG_CXX_LANGUAGE_STANDARD = "gnu++20";
				CLANG_ENABLE_MODULES = YES;
				CLANG_ENABLE_OBJC_ARC = YES;
				CLANG_ENABLE_OBJC_WEAK = YES;
				CLANG_WARN_BLOCK_CAPTURE_AUTORELEASING = YES;
				CLANG_WARN_BOOL_CONVERSION = YES;
				CLANG_WARN_COMMA = YES;
				CLANG_WARN_CONSTANT_CONVERSION = YES;
				CLANG_WARN_DEPRECATED_OBJC_IMPLEMENTATIONS = YES;
				CLANG_WARN_DIRECT_OBJC_ISA_USAGE = YES_ERROR;
				CLANG_WARN_DOCUMENTATION_COMMENTS = YES;
				CLANG_WARN_EMPTY_BODY = YES;
				CLANG_WARN_ENUM_CONVERSION = YES;
				CLANG_WARN_INFINITE_RECURSION = YES;
				CLANG_WARN_INT_CONVERSION = YES;
				CLANG_WARN_NON_LITERAL_NULL_CONVERSION = YES;
				CLANG_WARN_OBJC_IMPLICIT_RETAIN_SELF = YES;
				CLANG_WARN_OBJC_LITERAL_CONVERSION = YES;
				CLANG_WARN_OBJC_ROOT_CLASS = YES_ERROR;
				CLANG_WARN_QUOTED_INCLUDE_IN_FRAMEWORK_HEADER = YES;
				CLANG_WARN_RANGE_LOOP_ANALYSIS = YES;
				CLANG_WARN_STRICT_PROTOTYPES = YES;
				CLANG_WARN_SUSPICIOUS_MOVE = YES;
				CLANG_WARN_UNGUARDED_AVAILABILITY = YES_AGGRESSIVE;
				CLANG_WARN_UNREACHABLE_CODE = YES;
				CLANG_WARN__DUPLICATE_METHOD_MATCH = YES;
				COPY_PHASE_STRIP = NO;
				DEBUG_INFORMATION_FORMAT = "dwarf-with-dsym";
				ENABLE_NS_ASSERTIONS = NO;
				ENABLE_STRICT_OBJC_MSGSEND = YES;
				GCC_C_LANGUAGE_STANDARD = gnu11;
				GCC_NO_COMMON_BLOCKS = YES;
				GCC_WARN_64_TO_32_BIT_CONVERSION = YES;
				GCC_WARN_ABOUT_RETURN_TYPE = YES_ERROR;
				GCC_WARN_UNDECLARED_SELECTOR = YES;
				GCC_WARN_UNINITIALIZED_AUTOS = YES_AGGRESSIVE;
				GCC_WARN_UNUSED_FUNCTION = YES;
				GCC_WARN_UNUSED_VARIABLE = YES;
				IPHONEOS_DEPLOYMENT_TARGET = 16.1;
				MTL_ENABLE_DEBUG_INFO = NO;
				MTL_FAST_MATH = YES;
				SDKROOT = iphoneos;
				SWIFT_COMPILATION_MODE = wholemodule;
				SWIFT_OPTIMIZATION_LEVEL = "-O";
				VALIDATE_PRODUCT = YES;
			};
			name = Release;
		};
		8FC5ED4E29D213BC000CA2D2 /* Debug */ = {
			isa = XCBuildConfiguration;
			buildSettings = {
				ASSETCATALOG_COMPILER_APPICON_NAME = AppIcon;
				ASSETCATALOG_COMPILER_GLOBAL_ACCENT_COLOR_NAME = AccentColor;
				CODE_SIGN_STYLE = Automatic;
				CURRENT_PROJECT_VERSION = 1;
				DEVELOPMENT_TEAM = XFMAFP3V4V;
				GENERATE_INFOPLIST_FILE = YES;
				INFOPLIST_FILE = ReminderWithWeather/Info.plist;
				INFOPLIST_KEY_UIApplicationSupportsIndirectInputEvents = YES;
				INFOPLIST_KEY_UILaunchStoryboardName = LaunchScreen;
				INFOPLIST_KEY_UIMainStoryboardFile = Main;
				INFOPLIST_KEY_UISupportedInterfaceOrientations_iPad = "UIInterfaceOrientationPortrait UIInterfaceOrientationPortraitUpsideDown UIInterfaceOrientationLandscapeLeft UIInterfaceOrientationLandscapeRight";
				INFOPLIST_KEY_UISupportedInterfaceOrientations_iPhone = "UIInterfaceOrientationPortrait UIInterfaceOrientationLandscapeLeft UIInterfaceOrientationLandscapeRight";
				LD_RUNPATH_SEARCH_PATHS = (
					"$(inherited)",
					"@executable_path/Frameworks",
				);
				MARKETING_VERSION = 1.0;
				PRODUCT_BUNDLE_IDENTIFIER = co.pvsadouskaya.ReminderWithWeather;
				PRODUCT_NAME = "$(TARGET_NAME)";
				SWIFT_EMIT_LOC_STRINGS = YES;
				SWIFT_VERSION = 5.0;
				TARGETED_DEVICE_FAMILY = "1,2";
			};
			name = Debug;
		};
		8FC5ED4F29D213BC000CA2D2 /* Release */ = {
			isa = XCBuildConfiguration;
			buildSettings = {
				ASSETCATALOG_COMPILER_APPICON_NAME = AppIcon;
				ASSETCATALOG_COMPILER_GLOBAL_ACCENT_COLOR_NAME = AccentColor;
				CODE_SIGN_STYLE = Automatic;
				CURRENT_PROJECT_VERSION = 1;
				DEVELOPMENT_TEAM = XFMAFP3V4V;
				GENERATE_INFOPLIST_FILE = YES;
				INFOPLIST_FILE = ReminderWithWeather/Info.plist;
				INFOPLIST_KEY_UIApplicationSupportsIndirectInputEvents = YES;
				INFOPLIST_KEY_UILaunchStoryboardName = LaunchScreen;
				INFOPLIST_KEY_UIMainStoryboardFile = Main;
				INFOPLIST_KEY_UISupportedInterfaceOrientations_iPad = "UIInterfaceOrientationPortrait UIInterfaceOrientationPortraitUpsideDown UIInterfaceOrientationLandscapeLeft UIInterfaceOrientationLandscapeRight";
				INFOPLIST_KEY_UISupportedInterfaceOrientations_iPhone = "UIInterfaceOrientationPortrait UIInterfaceOrientationLandscapeLeft UIInterfaceOrientationLandscapeRight";
				LD_RUNPATH_SEARCH_PATHS = (
					"$(inherited)",
					"@executable_path/Frameworks",
				);
				MARKETING_VERSION = 1.0;
				PRODUCT_BUNDLE_IDENTIFIER = co.pvsadouskaya.ReminderWithWeather;
				PRODUCT_NAME = "$(TARGET_NAME)";
				SWIFT_EMIT_LOC_STRINGS = YES;
				SWIFT_VERSION = 5.0;
				TARGETED_DEVICE_FAMILY = "1,2";
			};
			name = Release;
		};
		8FC5ED5129D213BC000CA2D2 /* Debug */ = {
			isa = XCBuildConfiguration;
			buildSettings = {
				ALWAYS_EMBED_SWIFT_STANDARD_LIBRARIES = YES;
				BUNDLE_LOADER = "$(TEST_HOST)";
				CODE_SIGN_STYLE = Automatic;
				CURRENT_PROJECT_VERSION = 1;
				DEVELOPMENT_TEAM = XFMAFP3V4V;
				GENERATE_INFOPLIST_FILE = YES;
				IPHONEOS_DEPLOYMENT_TARGET = 16.1;
				MARKETING_VERSION = 1.0;
				PRODUCT_BUNDLE_IDENTIFIER = co.pvsadouskaya.ReminderWithWeatherTests;
				PRODUCT_NAME = "$(TARGET_NAME)";
				SWIFT_EMIT_LOC_STRINGS = NO;
				SWIFT_VERSION = 5.0;
				TARGETED_DEVICE_FAMILY = "1,2";
				TEST_HOST = "$(BUILT_PRODUCTS_DIR)/ReminderWithWeather.app/$(BUNDLE_EXECUTABLE_FOLDER_PATH)/ReminderWithWeather";
			};
			name = Debug;
		};
		8FC5ED5229D213BC000CA2D2 /* Release */ = {
			isa = XCBuildConfiguration;
			buildSettings = {
				ALWAYS_EMBED_SWIFT_STANDARD_LIBRARIES = YES;
				BUNDLE_LOADER = "$(TEST_HOST)";
				CODE_SIGN_STYLE = Automatic;
				CURRENT_PROJECT_VERSION = 1;
				DEVELOPMENT_TEAM = XFMAFP3V4V;
				GENERATE_INFOPLIST_FILE = YES;
				IPHONEOS_DEPLOYMENT_TARGET = 16.1;
				MARKETING_VERSION = 1.0;
				PRODUCT_BUNDLE_IDENTIFIER = co.pvsadouskaya.ReminderWithWeatherTests;
				PRODUCT_NAME = "$(TARGET_NAME)";
				SWIFT_EMIT_LOC_STRINGS = NO;
				SWIFT_VERSION = 5.0;
				TARGETED_DEVICE_FAMILY = "1,2";
				TEST_HOST = "$(BUILT_PRODUCTS_DIR)/ReminderWithWeather.app/$(BUNDLE_EXECUTABLE_FOLDER_PATH)/ReminderWithWeather";
			};
			name = Release;
		};
		8FC5ED5429D213BC000CA2D2 /* Debug */ = {
			isa = XCBuildConfiguration;
			buildSettings = {
				ALWAYS_EMBED_SWIFT_STANDARD_LIBRARIES = YES;
				CODE_SIGN_STYLE = Automatic;
				CURRENT_PROJECT_VERSION = 1;
				DEVELOPMENT_TEAM = XFMAFP3V4V;
				GENERATE_INFOPLIST_FILE = YES;
				MARKETING_VERSION = 1.0;
				PRODUCT_BUNDLE_IDENTIFIER = co.pvsadouskaya.ReminderWithWeatherUITests;
				PRODUCT_NAME = "$(TARGET_NAME)";
				SWIFT_EMIT_LOC_STRINGS = NO;
				SWIFT_VERSION = 5.0;
				TARGETED_DEVICE_FAMILY = "1,2";
				TEST_TARGET_NAME = ReminderWithWeather;
			};
			name = Debug;
		};
		8FC5ED5529D213BC000CA2D2 /* Release */ = {
			isa = XCBuildConfiguration;
			buildSettings = {
				ALWAYS_EMBED_SWIFT_STANDARD_LIBRARIES = YES;
				CODE_SIGN_STYLE = Automatic;
				CURRENT_PROJECT_VERSION = 1;
				DEVELOPMENT_TEAM = XFMAFP3V4V;
				GENERATE_INFOPLIST_FILE = YES;
				MARKETING_VERSION = 1.0;
				PRODUCT_BUNDLE_IDENTIFIER = co.pvsadouskaya.ReminderWithWeatherUITests;
				PRODUCT_NAME = "$(TARGET_NAME)";
				SWIFT_EMIT_LOC_STRINGS = NO;
				SWIFT_VERSION = 5.0;
				TARGETED_DEVICE_FAMILY = "1,2";
				TEST_TARGET_NAME = ReminderWithWeather;
			};
			name = Release;
		};
/* End XCBuildConfiguration section */

/* Begin XCConfigurationList section */
		8FC5ED1E29D213BA000CA2D2 /* Build configuration list for PBXProject "ReminderWithWeather" */ = {
			isa = XCConfigurationList;
			buildConfigurations = (
				8FC5ED4B29D213BC000CA2D2 /* Debug */,
				8FC5ED4C29D213BC000CA2D2 /* Release */,
			);
			defaultConfigurationIsVisible = 0;
			defaultConfigurationName = Release;
		};
		8FC5ED4D29D213BC000CA2D2 /* Build configuration list for PBXNativeTarget "ReminderWithWeather" */ = {
			isa = XCConfigurationList;
			buildConfigurations = (
				8FC5ED4E29D213BC000CA2D2 /* Debug */,
				8FC5ED4F29D213BC000CA2D2 /* Release */,
			);
			defaultConfigurationIsVisible = 0;
			defaultConfigurationName = Release;
		};
		8FC5ED5029D213BC000CA2D2 /* Build configuration list for PBXNativeTarget "ReminderWithWeatherTests" */ = {
			isa = XCConfigurationList;
			buildConfigurations = (
				8FC5ED5129D213BC000CA2D2 /* Debug */,
				8FC5ED5229D213BC000CA2D2 /* Release */,
			);
			defaultConfigurationIsVisible = 0;
			defaultConfigurationName = Release;
		};
		8FC5ED5329D213BC000CA2D2 /* Build configuration list for PBXNativeTarget "ReminderWithWeatherUITests" */ = {
			isa = XCConfigurationList;
			buildConfigurations = (
				8FC5ED5429D213BC000CA2D2 /* Debug */,
				8FC5ED5529D213BC000CA2D2 /* Release */,
			);
			defaultConfigurationIsVisible = 0;
			defaultConfigurationName = Release;
		};
/* End XCConfigurationList section */
	};
	rootObject = 8FC5ED1B29D213BA000CA2D2 /* Project object */;
}
